[{<<"idna">>,
  {git,"git://github.com/benoitc/erlang-idna.git",
       {ref,"5089240e653ce254273da9cff57952a60b1d2c51"}},
  2},
 {<<"tdiff">>,
  {git,"git://github.com/tomas-abrahamsson/tdiff.git",
       {ref,"6209eb5bb217cfec4c50f1b07d5b4b2757e84ca4"}},
  1},
 {<<"ranch">>,
  {git,"git://github.com/ninenines/ranch.git",
       {ref,"adf1822defc2b7cfdc7aca112adabfa1d614043c"}},
  1},
 {<<"merl">>,
  {git,"git://github.com/erlydtl/merl.git",
       {ref,"28e5b3829168199e8475fa91b997e0c03b90d280"}},
  1},
 {<<"hackney">>,
  {git,"https://github.com/benoitc/hackney.git",
       {ref,"c5af75c883c10a036d5c8de15daacd1a3b7d27de"}},
  1},
 {<<"goldrush">>,
  {git,"git://github.com/DeadZen/goldrush.git",
       {ref,"71e63212f12c25827e0c1b4198d37d5d018a7fec"}},
  1},
 {<<"eunit_formatters">>,
  {git,"git://github.com/seancribbs/eunit_formatters",
       {ref,"7f79fa3fb953b94990bd9b41e92cef7cfecf91ef"}},
  1},
 {<<"cowlib">>,
  {git,"git://github.com/ninenines/cowlib.git",
       {ref,"d544a494af4dbc810fc9c15eaf5cc050cced1501"}},
  1},
 {<<"color">>,
  {git,"git://github.com/julianduque/erlang-color.git",
       {ref,"a83c98a8ec5679626799446ddb29668044e20e30"}},
  1},
 {<<"uuid">>,
  {git,"git://github.com/avtobiff/erlang-uuid.git",
       {ref,"7c8a3bb79d8a0a3092ffa75332a91958d5438c39"}},
  0},
 {<<"unite">>,
  {git,"git://github.com/eproxus/unite.git",
       {ref,"cebbd657d4b1ac9715f109e215ae62236bd75959"}},
  0},
 {<<"lager">>,
  {git,"git://github.com/basho/lager.git",
       {ref,"d33ccf3b69de09a628fe38b4d7981bb8671b8a4f"}},
  0},
 {<<"jsx">>,
  {git,"git://github.com/talentdeficit/jsx.git",
       {ref,"46f246dc3ab45fa3229993855a0d720dd2254d4c"}},
  0},
 {<<"iso8601">>,
  {git,"git://github.com/seansawyer/erlang_iso8601.git",
       {ref,"7b5015419774d7b27f37c088d5a33d23ec84acc4"}},
  0},
 {<<"erlydtl">>,
  {git,"git://github.com/erlydtl/erlydtl.git",
       {ref,"dce7c95ff3c0b2d8a27c5c44618856edcb579b2a"}},
  0},
 {<<"erlastic_search">>,
  {git,"git://github.com/tsloughter/erlastic_search",
       {ref,"6a7eec9a76da088a2b30f760e292d6d25e9c3cb3"}},
  0},
 {<<"epgsql">>,
  {git,"git://github.com/epgsql/epgsql.git",
       {ref,"9f52f198c15a7f5d364c3dd8413030e9d02e4e80"}},
  0},
 {<<"cowboy">>,
  {git,"git://github.com/ninenines/cowboy.git",
       {ref,"5ff3fdd91e20a137b6378c7271826c1d94d4e3d2"}},
  0}].
